
Microsoft Visual Studio Solution File, Format Version 12.00
# Visual Studio Version 16
VisualStudioVersion = 16.0.31402.337
MinimumVisualStudioVersion = 10.0.40219.1
Project("{FAE04EC0-301F-11D3-BF4B-00C04F79EFBC}") = "QuickBuyBackEnd", "QuickBuyBackEnd\QuickBuyBackEnd.csproj", "{A766F431-8D3F-42F3-9001-A18E485CCDEF}"
EndProject
Global
	GlobalSection(SolutionConfigurationPlatforms) = preSolution
		Debug|Any CPU = Debug|Any CPU
		Release|Any CPU = Release|Any CPU
	EndGlobalSection
	GlobalSection(ProjectConfigurationPlatforms) = postSolution
		{A766F431-8D3F-42F3-9001-A18E485CCDEF}.Debug|Any CPU.ActiveCfg = Debug|Any CPU
		{A766F431-8D3F-42F3-9001-A18E485CCDEF}.Debug|Any CPU.Build.0 = Debug|Any CPU
		{A766F431-8D3F-42F3-9001-A18E485CCDEF}.Release|Any CPU.ActiveCfg = Release|Any CPU
		{A766F431-8D3F-42F3-9001-A18E485CCDEF}.Release|Any CPU.Build.0 = Release|Any CPU
	EndGlobalSection
	GlobalSection(SolutionProperties) = preSolution
		HideSolutionNode = FALSE
	EndGlobalSection
	GlobalSection(ExtensibilityGlobals) = postSolution
		SolutionGuid = {774FD60D-576D-4D11-901B-2B1479E23F6E}
	EndGlobalSection
EndGlobal
